
Microsoft Visual Studio Solution File, Format Version 12.00
# Visual Studio Version 16
VisualStudioVersion = 16.0.28803.156
MinimumVisualStudioVersion = 10.0.40219.1
Project("{F184B08F-C81C-45F6-A57F-5ABD9991F28F}") = "app_facturacion", "app_facturacion\app_facturacion.vbproj", "{8E4B78B7-1FA9-4706-9590-3D98A580B557}"
EndProject
Global
	GlobalSection(SolutionConfigurationPlatforms) = preSolution
		Debug|Any CPU = Debug|Any CPU
		Release|Any CPU = Release|Any CPU
	EndGlobalSection
	GlobalSection(ProjectConfigurationPlatforms) = postSolution
		{8E4B78B7-1FA9-4706-9590-3D98A580B557}.Debug|Any CPU.ActiveCfg = Debug|Any CPU
		{8E4B78B7-1FA9-4706-9590-3D98A580B557}.Debug|Any CPU.Build.0 = Debug|Any CPU
		{8E4B78B7-1FA9-4706-9590-3D98A580B557}.Release|Any CPU.ActiveCfg = Release|Any CPU
		{8E4B78B7-1FA9-4706-9590-3D98A580B557}.Release|Any CPU.Build.0 = Release|Any CPU
	EndGlobalSection
	GlobalSection(SolutionProperties) = preSolution
		HideSolutionNode = FALSE
	EndGlobalSection
	GlobalSection(ExtensibilityGlobals) = postSolution
		SolutionGuid = {E882B51C-F473-46E9-BB7E-585B0C1A8BE7}
	EndGlobalSection
EndGlobal
